// !$*UTF8*$!
{
	archiveVersion = 1;
	classes = {
	};
	objectVersion = 50;
	objects = {

/* Begin PBXBuildFile section */
		731B039B228B090C00C90A3F /* Variables.swift in Sources */ = {isa = PBXBuildFile; fileRef = 731B039A228B090C00C90A3F /* Variables.swift */; };
		733697AE2265166A001EEA73 /* Bash.swift in Sources */ = {isa = PBXBuildFile; fileRef = 733697AD2265166A001EEA73 /* Bash.swift */; };
		7354C15D22F565000045B6F5 /* PkgAndMpkg.swift in Sources */ = {isa = PBXBuildFile; fileRef = 7354C15C22F565000045B6F5 /* PkgAndMpkg.swift */; };
		7362F6862265156600D07F81 /* AppDelegate.swift in Sources */ = {isa = PBXBuildFile; fileRef = 7362F6852265156600D07F81 /* AppDelegate.swift */; };
		7362F6882265156600D07F81 /* Assets.xcassets in Resources */ = {isa = PBXBuildFile; fileRef = 7362F6872265156600D07F81 /* Assets.xcassets */; };
		7362F68B2265156600D07F81 /* MainMenu.xib in Resources */ = {isa = PBXBuildFile; fileRef = 7362F6892265156600D07F81 /* MainMenu.xib */; };
		7367FBEC22F6E80300A0228F /* PkgFromRecipe.swift in Sources */ = {isa = PBXBuildFile; fileRef = 7367FBEB22F6E80300A0228F /* PkgFromRecipe.swift */; };
		73A29AFC22DC58B000993172 /* Keychain.swift in Sources */ = {isa = PBXBuildFile; fileRef = 73A29AFB22DC58B000993172 /* Keychain.swift */; };
		73C1536D2269B6A100AF9D1F /* ExtensionString.swift in Sources */ = {isa = PBXBuildFile; fileRef = 73C1536C2269B6A100AF9D1F /* ExtensionString.swift */; };
/* End PBXBuildFile section */

/* Begin PBXFileReference section */
		731B039A228B090C00C90A3F /* Variables.swift */ = {isa = PBXFileReference; lastKnownFileType = sourcecode.swift; path = Variables.swift; sourceTree = "<group>"; };
		733697AD2265166A001EEA73 /* Bash.swift */ = {isa = PBXFileReference; lastKnownFileType = sourcecode.swift; path = Bash.swift; sourceTree = "<group>"; };
		7354C15C22F565000045B6F5 /* PkgAndMpkg.swift */ = {isa = PBXFileReference; lastKnownFileType = sourcecode.swift; path = PkgAndMpkg.swift; sourceTree = "<group>"; };
		7362F6822265156600D07F81 /* PkgsCleaner.app */ = {isa = PBXFileReference; explicitFileType = wrapper.application; includeInIndex = 0; path = PkgsCleaner.app; sourceTree = BUILT_PRODUCTS_DIR; };
		7362F6852265156600D07F81 /* AppDelegate.swift */ = {isa = PBXFileReference; lastKnownFileType = sourcecode.swift; path = AppDelegate.swift; sourceTree = "<group>"; };
		7362F6872265156600D07F81 /* Assets.xcassets */ = {isa = PBXFileReference; lastKnownFileType = folder.assetcatalog; path = Assets.xcassets; sourceTree = "<group>"; };
		7362F68A2265156600D07F81 /* Base */ = {isa = PBXFileReference; lastKnownFileType = file.xib; name = Base; path = Base.lproj/MainMenu.xib; sourceTree = "<group>"; };
		7362F68C2265156600D07F81 /* Info.plist */ = {isa = PBXFileReference; lastKnownFileType = text.plist.xml; path = Info.plist; sourceTree = "<group>"; };
		7362F68D2265156600D07F81 /* PkgsCleaner.entitlements */ = {isa = PBXFileReference; lastKnownFileType = text.plist.entitlements; path = PkgsCleaner.entitlements; sourceTree = "<group>"; };
		7367FBEB22F6E80300A0228F /* PkgFromRecipe.swift */ = {isa = PBXFileReference; lastKnownFileType = sourcecode.swift; path = PkgFromRecipe.swift; sourceTree = "<group>"; };
		73A29AFB22DC58B000993172 /* Keychain.swift */ = {isa = PBXFileReference; lastKnownFileType = sourcecode.swift; path = Keychain.swift; sourceTree = "<group>"; };
		73C1536C2269B6A100AF9D1F /* ExtensionString.swift */ = {isa = PBXFileReference; lastKnownFileType = sourcecode.swift; path = ExtensionString.swift; sourceTree = "<group>"; };
/* End PBXFileReference section */

/* Begin PBXFrameworksBuildPhase section */
		7362F67F2265156600D07F81 /* Frameworks */ = {
			isa = PBXFrameworksBuildPhase;
			buildActionMask = 2147483647;
			files = (
			);
			runOnlyForDeploymentPostprocessing = 0;
		};
/* End PBXFrameworksBuildPhase section */

/* Begin PBXGroup section */
		7362F6792265156600D07F81 = {
			isa = PBXGroup;
			children = (
				7362F6842265156600D07F81 /* PkgsCleaner */,
				7362F6832265156600D07F81 /* Products */,
			);
			sourceTree = "<group>";
		};
		7362F6832265156600D07F81 /* Products */ = {
			isa = PBXGroup;
			children = (
				7362F6822265156600D07F81 /* PkgsCleaner.app */,
			);
			name = Products;
			sourceTree = "<group>";
		};
		7362F6842265156600D07F81 /* PkgsCleaner */ = {
			isa = PBXGroup;
			children = (
				73C1536C2269B6A100AF9D1F /* ExtensionString.swift */,
				733697AD2265166A001EEA73 /* Bash.swift */,
				7362F6852265156600D07F81 /* AppDelegate.swift */,
				7367FBEB22F6E80300A0228F /* PkgFromRecipe.swift */,
				731B039A228B090C00C90A3F /* Variables.swift */,
				7362F6872265156600D07F81 /* Assets.xcassets */,
				7362F6892265156600D07F81 /* MainMenu.xib */,
				7362F68C2265156600D07F81 /* Info.plist */,
				7362F68D2265156600D07F81 /* PkgsCleaner.entitlements */,
				73A29AFB22DC58B000993172 /* Keychain.swift */,
				7354C15C22F565000045B6F5 /* PkgAndMpkg.swift */,
			);
			path = PkgsCleaner;
			sourceTree = "<group>";
		};
/* End PBXGroup section */

/* Begin PBXNativeTarget section */
		7362F6812265156600D07F81 /* PkgsCleaner */ = {
			isa = PBXNativeTarget;
			buildConfigurationList = 7362F6902265156600D07F81 /* Build configuration list for PBXNativeTarget "PkgsCleaner" */;
			buildPhases = (
				7362F67E2265156600D07F81 /* Sources */,
				7362F67F2265156600D07F81 /* Frameworks */,
				7362F6802265156600D07F81 /* Resources */,
			);
			buildRules = (
			);
			dependencies = (
			);
			name = PkgsCleaner;
			productName = PkgsCleaner;
			productReference = 7362F6822265156600D07F81 /* PkgsCleaner.app */;
			productType = "com.apple.product-type.application";
		};
/* End PBXNativeTarget section */

/* Begin PBXProject section */
		7362F67A2265156600D07F81 /* Project object */ = {
			isa = PBXProject;
			attributes = {
				LastSwiftUpdateCheck = 1020;
				LastUpgradeCheck = 1020;
				ORGANIZATIONNAME = "Mikael Löfgren";
				TargetAttributes = {
					7362F6812265156600D07F81 = {
						CreatedOnToolsVersion = 10.2;
						SystemCapabilities = {
							com.apple.HardenedRuntime = {
								enabled = 1;
							};
							com.apple.Sandbox = {
								enabled = 0;
							};
						};
					};
				};
			};
			buildConfigurationList = 7362F67D2265156600D07F81 /* Build configuration list for PBXProject "PkgsCleaner" */;
			compatibilityVersion = "Xcode 9.3";
			developmentRegion = en;
			hasScannedForEncodings = 0;
			knownRegions = (
				en,
				Base,
			);
			mainGroup = 7362F6792265156600D07F81;
			productRefGroup = 7362F6832265156600D07F81 /* Products */;
			projectDirPath = "";
			projectRoot = "";
			targets = (
				7362F6812265156600D07F81 /* PkgsCleaner */,
			);
		};
/* End PBXProject section */

/* Begin PBXResourcesBuildPhase section */
		7362F6802265156600D07F81 /* Resources */ = {
			isa = PBXResourcesBuildPhase;
			buildActionMask = 2147483647;
			files = (
				7362F6882265156600D07F81 /* Assets.xcassets in Resources */,
				7362F68B2265156600D07F81 /* MainMenu.xib in Resources */,
			);
			runOnlyForDeploymentPostprocessing = 0;
		};
/* End PBXResourcesBuildPhase section */

/* Begin PBXSourcesBuildPhase section */
		7362F67E2265156600D07F81 /* Sources */ = {
			isa = PBXSourcesBuildPhase;
			buildActionMask = 2147483647;
			files = (
				7367FBEC22F6E80300A0228F /* PkgFromRecipe.swift in Sources */,
				7362F6862265156600D07F81 /* AppDelegate.swift in Sources */,
				7354C15D22F565000045B6F5 /* PkgAndMpkg.swift in Sources */,
				733697AE2265166A001EEA73 /* Bash.swift in Sources */,
				731B039B228B090C00C90A3F /* Variables.swift in Sources */,
				73C1536D2269B6A100AF9D1F /* ExtensionString.swift in Sources */,
				73A29AFC22DC58B000993172 /* Keychain.swift in Sources */,
			);
			runOnlyForDeploymentPostprocessing = 0;
		};
/* End PBXSourcesBuildPhase section */

/* Begin PBXVariantGroup section */
		7362F6892265156600D07F81 /* MainMenu.xib */ = {
			isa = PBXVariantGroup;
			children = (
				7362F68A2265156600D07F81 /* Base */,
			);
			name = MainMenu.xib;
			sourceTree = "<group>";
		};
/* End PBXVariantGroup section */

/* Begin XCBuildConfiguration section */
		7362F68E2265156600D07F81 /* Debug */ = {
			isa = XCBuildConfiguration;
			buildSettings = {
				ALWAYS_SEARCH_USER_PATHS = NO;
				CLANG_ANALYZER_NONNULL = YES;
				CLANG_ANALYZER_NUMBER_OBJECT_CONVERSION = YES_AGGRESSIVE;
				CLANG_CXX_LANGUAGE_STANDARD = "gnu++14";
				CLANG_CXX_LIBRARY = "libc++";
				CLANG_ENABLE_MODULES = YES;
				CLANG_ENABLE_OBJC_ARC = YES;
				CLANG_ENABLE_OBJC_WEAK = YES;
				CLANG_WARN_BLOCK_CAPTURE_AUTORELEASING = YES;
				CLANG_WARN_BOOL_CONVERSION = YES;
				CLANG_WARN_COMMA = YES;
				CLANG_WARN_CONSTANT_CONVERSION = YES;
				CLANG_WARN_DEPRECATED_OBJC_IMPLEMENTATIONS = YES;
				CLANG_WARN_DIRECT_OBJC_ISA_USAGE = YES_ERROR;
				CLANG_WARN_DOCUMENTATION_COMMENTS = YES;
				CLANG_WARN_EMPTY_BODY = YES;
				CLANG_WARN_ENUM_CONVERSION = YES;
				CLANG_WARN_INFINITE_RECURSION = YES;
				CLANG_WARN_INT_CONVERSION = YES;
				CLANG_WARN_NON_LITERAL_NULL_CONVERSION = YES;
				CLANG_WARN_OBJC_IMPLICIT_RETAIN_SELF = YES;
				CLANG_WARN_OBJC_LITERAL_CONVERSION = YES;
				CLANG_WARN_OBJC_ROOT_CLASS = YES_ERROR;
				CLANG_WARN_RANGE_LOOP_ANALYSIS = YES;
				CLANG_WARN_STRICT_PROTOTYPES = YES;
				CLANG_WARN_SUSPICIOUS_MOVE = YES;
				CLANG_WARN_UNGUARDED_AVAILABILITY = YES_AGGRESSIVE;
				CLANG_WARN_UNREACHABLE_CODE = YES;
				CLANG_WARN__DUPLICATE_METHOD_MATCH = YES;
				CODE_SIGN_IDENTITY = "-";
				COPY_PHASE_STRIP = NO;
				DEBUG_INFORMATION_FORMAT = dwarf;
				ENABLE_STRICT_OBJC_MSGSEND = YES;
				ENABLE_TESTABILITY = YES;
				GCC_C_LANGUAGE_STANDARD = gnu11;
				GCC_DYNAMIC_NO_PIC = NO;
				GCC_NO_COMMON_BLOCKS = YES;
				GCC_OPTIMIZATION_LEVEL = 0;
				GCC_PREPROCESSOR_DEFINITIONS = (
					"DEBUG=1",
					"$(inherited)",
				);
				GCC_WARN_64_TO_32_BIT_CONVERSION = YES;
				GCC_WARN_ABOUT_RETURN_TYPE = YES_ERROR;
				GCC_WARN_UNDECLARED_SELECTOR = YES;
				GCC_WARN_UNINITIALIZED_AUTOS = YES_AGGRESSIVE;
				GCC_WARN_UNUSED_FUNCTION = YES;
				GCC_WARN_UNUSED_VARIABLE = YES;
				MACOSX_DEPLOYMENT_TARGET = 10.14;
				MTL_ENABLE_DEBUG_INFO = INCLUDE_SOURCE;
				MTL_FAST_MATH = YES;
				ONLY_ACTIVE_ARCH = YES;
				SDKROOT = macosx;
				SWIFT_ACTIVE_COMPILATION_CONDITIONS = DEBUG;
				SWIFT_OPTIMIZATION_LEVEL = "-Onone";
			};
			name = Debug;
		};
		7362F68F2265156600D07F81 /* Release */ = {
			isa = XCBuildConfiguration;
			buildSettings = {
				ALWAYS_SEARCH_USER_PATHS = NO;
				CLANG_ANALYZER_NONNULL = YES;
				CLANG_ANALYZER_NUMBER_OBJECT_CONVERSION = YES_AGGRESSIVE;
				CLANG_CXX_LANGUAGE_STANDARD = "gnu++14";
				CLANG_CXX_LIBRARY = "libc++";
				CLANG_ENABLE_MODULES = YES;
				CLANG_ENABLE_OBJC_ARC = YES;
				CLANG_ENABLE_OBJC_WEAK = YES;
				CLANG_WARN_BLOCK_CAPTURE_AUTORELEASING = YES;
				CLANG_WARN_BOOL_CONVERSION = YES;
				CLANG_WARN_COMMA = YES;
				CLANG_WARN_CONSTANT_CONVERSION = YES;
				CLANG_WARN_DEPRECATED_OBJC_IMPLEMENTATIONS = YES;
				CLANG_WARN_DIRECT_OBJC_ISA_USAGE = YES_ERROR;
				CLANG_WARN_DOCUMENTATION_COMMENTS = YES;
				CLANG_WARN_EMPTY_BODY = YES;
				CLANG_WARN_ENUM_CONVERSION = YES;
				CLANG_WARN_INFINITE_RECURSION = YES;
				CLANG_WARN_INT_CONVERSION = YES;
				CLANG_WARN_NON_LITERAL_NULL_CONVERSION = YES;
				CLANG_WARN_OBJC_IMPLICIT_RETAIN_SELF = YES;
				CLANG_WARN_OBJC_LITERAL_CONVERSION = YES;
				CLANG_WARN_OBJC_ROOT_CLASS = YES_ERROR;
				CLANG_WARN_RANGE_LOOP_ANALYSIS = YES;
				CLANG_WARN_STRICT_PROTOTYPES = YES;
				CLANG_WARN_SUSPICIOUS_MOVE = YES;
				CLANG_WARN_UNGUARDED_AVAILABILITY = YES_AGGRESSIVE;
				CLANG_WARN_UNREACHABLE_CODE = YES;
				CLANG_WARN__DUPLICATE_METHOD_MATCH = YES;
				CODE_SIGN_IDENTITY = "-";
				COPY_PHASE_STRIP = NO;
				DEBUG_INFORMATION_FORMAT = "dwarf-with-dsym";
				ENABLE_NS_ASSERTIONS = NO;
				ENABLE_STRICT_OBJC_MSGSEND = YES;
				GCC_C_LANGUAGE_STANDARD = gnu11;
				GCC_NO_COMMON_BLOCKS = YES;
				GCC_WARN_64_TO_32_BIT_CONVERSION = YES;
				GCC_WARN_ABOUT_RETURN_TYPE = YES_ERROR;
				GCC_WARN_UNDECLARED_SELECTOR = YES;
				GCC_WARN_UNINITIALIZED_AUTOS = YES_AGGRESSIVE;
				GCC_WARN_UNUSED_FUNCTION = YES;
				GCC_WARN_UNUSED_VARIABLE = YES;
				MACOSX_DEPLOYMENT_TARGET = 10.14;
				MTL_ENABLE_DEBUG_INFO = NO;
				MTL_FAST_MATH = YES;
				SDKROOT = macosx;
				SWIFT_COMPILATION_MODE = wholemodule;
				SWIFT_OPTIMIZATION_LEVEL = "-O";
			};
			name = Release;
		};
		7362F6912265156600D07F81 /* Debug */ = {
			isa = XCBuildConfiguration;
			buildSettings = {
				ASSETCATALOG_COMPILER_APPICON_NAME = AppIcon;
				CODE_SIGN_IDENTITY = "Mac Developer";
				CODE_SIGN_STYLE = Automatic;
				COMBINE_HIDPI_IMAGES = YES;
				DEVELOPMENT_TEAM = 543LXU387V;
				ENABLE_HARDENED_RUNTIME = YES;
				INFOPLIST_FILE = PkgsCleaner/Info.plist;
				LD_RUNPATH_SEARCH_PATHS = (
					"$(inherited)",
					"@executable_path/../Frameworks",
				);
				MACOSX_DEPLOYMENT_TARGET = 10.13;
				PRODUCT_BUNDLE_IDENTIFIER = se.dicom.pkgscleaner;
				PRODUCT_NAME = "$(TARGET_NAME)";
				SWIFT_VERSION = 5.0;
			};
			name = Debug;
		};
		7362F6922265156600D07F81 /* Release */ = {
			isa = XCBuildConfiguration;
			buildSettings = {
				ASSETCATALOG_COMPILER_APPICON_NAME = AppIcon;
				CODE_SIGN_IDENTITY = "Mac Developer";
				CODE_SIGN_STYLE = Automatic;
				COMBINE_HIDPI_IMAGES = YES;
				DEVELOPMENT_TEAM = 543LXU387V;
				ENABLE_HARDENED_RUNTIME = YES;
				INFOPLIST_FILE = PkgsCleaner/Info.plist;
				LD_RUNPATH_SEARCH_PATHS = (
					"$(inherited)",
					"@executable_path/../Frameworks",
				);
				MACOSX_DEPLOYMENT_TARGET = 10.13;
				PRODUCT_BUNDLE_IDENTIFIER = se.dicom.pkgscleaner;
				PRODUCT_NAME = "$(TARGET_NAME)";
				SWIFT_VERSION = 5.0;
			};
			name = Release;
		};
/* End XCBuildConfiguration section */

/* Begin XCConfigurationList section */
		7362F67D2265156600D07F81 /* Build configuration list for PBXProject "PkgsCleaner" */ = {
			isa = XCConfigurationList;
			buildConfigurations = (
				7362F68E2265156600D07F81 /* Debug */,
				7362F68F2265156600D07F81 /* Release */,
			);
			defaultConfigurationIsVisible = 0;
			defaultConfigurationName = Release;
		};
		7362F6902265156600D07F81 /* Build configuration list for PBXNativeTarget "PkgsCleaner" */ = {
			isa = XCConfigurationList;
			buildConfigurations = (
				7362F6912265156600D07F81 /* Debug */,
				7362F6922265156600D07F81 /* Release */,
			);
			defaultConfigurationIsVisible = 0;
			defaultConfigurationName = Release;
		};
/* End XCConfigurationList section */
	};
	rootObject = 7362F67A2265156600D07F81 /* Project object */;
}
